
Microsoft Visual Studio Solution File, Format Version 12.00
# Visual Studio 15
Project("{FAE04EC0-301F-11D3-BF4B-00C04F79EFBC}") = "Unity.Timeline", "Unity.Timeline.csproj", "{4BCBC83E-2715-7BA2-6A52-A1A1438932C2}"
EndProject
Project("{FAE04EC0-301F-11D3-BF4B-00C04F79EFBC}") = "Unity.Timeline.Editor", "Unity.Timeline.Editor.csproj", "{01D0B802-1C0B-334B-85BD-67F589426087}"
EndProject
Project("{FAE04EC0-301F-11D3-BF4B-00C04F79EFBC}") = "Unity.2D.Tilemap.Editor", "Unity.2D.Tilemap.Editor.csproj", "{D3AB2964-CBCF-CB7E-C830-5C423C2A1E8F}"
EndProject
Project("{FAE04EC0-301F-11D3-BF4B-00C04F79EFBC}") = "Unity.TextMeshPro.Editor", "Unity.TextMeshPro.Editor.csproj", "{B6F0130C-C6D9-0ECB-31CF-4E509DEE7CFE}"
EndProject
Project("{FAE04EC0-301F-11D3-BF4B-00C04F79EFBC}") = "Unity.PlasticSCM.Editor", "Unity.PlasticSCM.Editor.csproj", "{F8752DE5-7B82-53E3-A01E-6A686EFCDBB8}"
EndProject
Project("{FAE04EC0-301F-11D3-BF4B-00C04F79EFBC}") = "Unity.InputSystem", "Unity.InputSystem.csproj", "{40C43B03-48F2-939C-179A-058C17400DB4}"
EndProject
Project("{FAE04EC0-301F-11D3-BF4B-00C04F79EFBC}") = "Unity.2D.Aseprite.Editor", "Unity.2D.Aseprite.Editor.csproj", "{B2406882-95A5-99D7-17FD-24914FD4E896}"
EndProject
Project("{FAE04EC0-301F-11D3-BF4B-00C04F79EFBC}") = "Unity.VisualScripting.Flow", "Unity.VisualScripting.Flow.csproj", "{7C403892-5FCF-267B-9008-D76169ACE148}"
EndProject
Project("{FAE04EC0-301F-11D3-BF4B-00C04F79EFBC}") = "UnityEditor.UI", "UnityEditor.UI.csproj", "{D0A55A15-F32A-E66B-3E68-663932302199}"
EndProject
Project("{FAE04EC0-301F-11D3-BF4B-00C04F79EFBC}") = "Unity.2D.Psdimporter.Editor", "Unity.2D.Psdimporter.Editor.csproj", "{3C21D2C6-974E-B627-368A-60250F2B5D3A}"
EndProject
Project("{FAE04EC0-301F-11D3-BF4B-00C04F79EFBC}") = "Unity.VisualScripting.Core", "Unity.VisualScripting.Core.csproj", "{32B6552A-3CE2-D983-303D-EA675E24F5B1}"
EndProject
Project("{FAE04EC0-301F-11D3-BF4B-00C04F79EFBC}") = "Unity.Mathematics", "Unity.Mathematics.csproj", "{3BE14273-D70B-B27C-AD67-14B178AD5CD9}"
EndProject
Project("{FAE04EC0-301F-11D3-BF4B-00C04F79EFBC}") = "Unity.2D.Common.Path.Editor", "Unity.2D.Common.Path.Editor.csproj", "{252F93C1-3DFF-3E73-F393-19C28991E2B9}"
EndProject
Project("{FAE04EC0-301F-11D3-BF4B-00C04F79EFBC}") = "Unity.2D.Animation.Editor", "Unity.2D.Animation.Editor.csproj", "{D34B402A-EDF3-A8EE-7AD5-D28AC7744A4E}"
EndProject
Project("{FAE04EC0-301F-11D3-BF4B-00C04F79EFBC}") = "Cinemachine", "Cinemachine.csproj", "{4BF6788A-A6F3-5081-8B58-8CA9E2E2E59D}"
EndProject
Project("{FAE04EC0-301F-11D3-BF4B-00C04F79EFBC}") = "Unity.VisualScripting.Core.Editor", "Unity.VisualScripting.Core.Editor.csproj", "{93BA5D0E-7A0B-2674-C860-CB4E7BFB1BE2}"
EndProject
Project("{FAE04EC0-301F-11D3-BF4B-00C04F79EFBC}") = "Unity.2D.IK.Runtime", "Unity.2D.IK.Runtime.csproj", "{F1C7AE63-93ED-239E-4586-2190F4A606BA}"
EndProject
Project("{FAE04EC0-301F-11D3-BF4B-00C04F79EFBC}") = "Unity.VisualScripting.Flow.Editor", "Unity.VisualScripting.Flow.Editor.csproj", "{ED6BEA87-1D07-34AA-7DBC-910D5DE72369}"
EndProject
Project("{FAE04EC0-301F-11D3-BF4B-00C04F79EFBC}") = "UnityEditor.TestRunner", "UnityEditor.TestRunner.csproj", "{470E6C99-6693-C547-8061-7B44A2706343}"
EndProject
Project("{FAE04EC0-301F-11D3-BF4B-00C04F79EFBC}") = "Unity.VisualScripting.SettingsProvider.Editor", "Unity.VisualScripting.SettingsProvider.Editor.csproj", "{6A76C2D3-EFF6-8FFC-8EA1-157A3CBB3DC9}"
EndProject
Project("{FAE04EC0-301F-11D3-BF4B-00C04F79EFBC}") = "UnityEngine.TestRunner", "UnityEngine.TestRunner.csproj", "{B125124D-2D42-0702-5AAE-37036AE6E18C}"
EndProject
Project("{FAE04EC0-301F-11D3-BF4B-00C04F79EFBC}") = "PsdPlugin", "PsdPlugin.csproj", "{9015F5AC-DDFD-BBB5-8100-0663CC77BBFE}"
EndProject
Project("{FAE04EC0-301F-11D3-BF4B-00C04F79EFBC}") = "Assembly-CSharp", "Assembly-CSharp.csproj", "{B8EDAA3E-4EEE-BED8-A8CD-8F4F790A5DCB}"
EndProject
Project("{FAE04EC0-301F-11D3-BF4B-00C04F79EFBC}") = "Unity.Burst", "Unity.Burst.csproj", "{9A108745-61DE-CBB3-C8F5-3CA4C16F1EDB}"
EndProject
Project("{FAE04EC0-301F-11D3-BF4B-00C04F79EFBC}") = "UnityEngine.UI", "UnityEngine.UI.csproj", "{1CAA1134-6239-7471-A7D8-080C2601E01B}"
EndProject
Project("{FAE04EC0-301F-11D3-BF4B-00C04F79EFBC}") = "Unity.Collections", "Unity.Collections.csproj", "{2154E701-69B3-8CEB-00AA-4F21D27C8E6D}"
EndProject
Project("{FAE04EC0-301F-11D3-BF4B-00C04F79EFBC}") = "Unity.2D.SpriteShape.Editor", "Unity.2D.SpriteShape.Editor.csproj", "{0A75D8A2-323A-5E62-89D5-A308E4C1CA66}"
EndProject
Project("{FAE04EC0-301F-11D3-BF4B-00C04F79EFBC}") = "Unity.VisualStudio.Editor", "Unity.VisualStudio.Editor.csproj", "{E51C3888-E926-CEE2-4315-143972434896}"
EndProject
Project("{FAE04EC0-301F-11D3-BF4B-00C04F79EFBC}") = "com.unity.cinemachine.editor", "com.unity.cinemachine.editor.csproj", "{C99AF05C-FC16-532E-3F73-BC1FF1ED0659}"
EndProject
Project("{FAE04EC0-301F-11D3-BF4B-00C04F79EFBC}") = "Unity.2D.Tilemap.Extras.Editor", "Unity.2D.Tilemap.Extras.Editor.csproj", "{C19B73C9-05FF-5A00-FCEA-852EC5088F70}"
EndProject
Project("{FAE04EC0-301F-11D3-BF4B-00C04F79EFBC}") = "Unity.Rider.Editor", "Unity.Rider.Editor.csproj", "{7FB38829-194E-CEB2-B326-3ACFAFAC2CE8}"
EndProject
Project("{FAE04EC0-301F-11D3-BF4B-00C04F79EFBC}") = "Unity.InternalAPIEditorBridge.001", "Unity.InternalAPIEditorBridge.001.csproj", "{C6DED303-DA76-3551-76E7-40794FD11D88}"
EndProject
Project("{FAE04EC0-301F-11D3-BF4B-00C04F79EFBC}") = "Unity.2D.SpriteShape.Runtime", "Unity.2D.SpriteShape.Runtime.csproj", "{9D6B3B29-51FC-8BDA-3E7B-19689A670183}"
EndProject
Project("{FAE04EC0-301F-11D3-BF4B-00C04F79EFBC}") = "Unity.CollabProxy.Editor", "Unity.CollabProxy.Editor.csproj", "{703A3D26-04F3-DD8B-50BC-8C71FBAA58F0}"
EndProject
Project("{FAE04EC0-301F-11D3-BF4B-00C04F79EFBC}") = "Unity.VisualScripting.State.Editor", "Unity.VisualScripting.State.Editor.csproj", "{DC8B03EC-C7F5-145C-83C0-0A3636369CE2}"
EndProject
Project("{FAE04EC0-301F-11D3-BF4B-00C04F79EFBC}") = "Unity.2D.Animation.Runtime", "Unity.2D.Animation.Runtime.csproj", "{00E1BB0C-143E-AB75-A82E-4CA49BB8DD92}"
EndProject
Project("{FAE04EC0-301F-11D3-BF4B-00C04F79EFBC}") = "Unity.Burst.CodeGen", "Unity.Burst.CodeGen.csproj", "{6B8C72D0-8D68-3673-0336-6DEA7D2BB783}"
EndProject
Project("{FAE04EC0-301F-11D3-BF4B-00C04F79EFBC}") = "Unity.2D.Tilemap.Extras", "Unity.2D.Tilemap.Extras.csproj", "{799FF53C-DC53-2571-C76B-A37E5F31DCB1}"
EndProject
Project("{FAE04EC0-301F-11D3-BF4B-00C04F79EFBC}") = "Unity.VisualScripting.State", "Unity.VisualScripting.State.csproj", "{E3812279-6FBD-039B-D685-05404AADD756}"
EndProject
Project("{FAE04EC0-301F-11D3-BF4B-00C04F79EFBC}") = "Unity.TextMeshPro", "Unity.TextMeshPro.csproj", "{27141E87-F1FB-A63D-035E-BF989E88C2D1}"
EndProject
Project("{FAE04EC0-301F-11D3-BF4B-00C04F79EFBC}") = "Unity.InputSystem.TestFramework", "Unity.InputSystem.TestFramework.csproj", "{DBD06DA3-F17C-E95C-E612-F1C2BF55E313}"
EndProject
Project("{FAE04EC0-301F-11D3-BF4B-00C04F79EFBC}") = "Unity.2D.Aseprite.Common", "Unity.2D.Aseprite.Common.csproj", "{95134AB4-2F96-A696-F1CD-C2A22BF60706}"
EndProject
Project("{FAE04EC0-301F-11D3-BF4B-00C04F79EFBC}") = "Unity.2D.IK.Editor", "Unity.2D.IK.Editor.csproj", "{0B4D01FB-6C18-0814-C995-417321700693}"
EndProject
Project("{FAE04EC0-301F-11D3-BF4B-00C04F79EFBC}") = "Unity.InternalAPIEngineBridge.001", "Unity.InternalAPIEngineBridge.001.csproj", "{E8ACCA14-826A-BA34-2468-14B61870508A}"
EndProject
Project("{FAE04EC0-301F-11D3-BF4B-00C04F79EFBC}") = "Unity.Burst.Editor", "Unity.Burst.Editor.csproj", "{FD31C41D-7E77-F1FE-CC8C-CC1A7F8447C9}"
EndProject
Project("{FAE04EC0-301F-11D3-BF4B-00C04F79EFBC}") = "Unity.2D.Common.Editor", "Unity.2D.Common.Editor.csproj", "{5E85AB4D-F2E8-58D9-194C-5E952224753F}"
EndProject
Project("{FAE04EC0-301F-11D3-BF4B-00C04F79EFBC}") = "Unity.2D.Sprite.Editor", "Unity.2D.Sprite.Editor.csproj", "{0B61A81E-8CA2-96A3-DCA2-A603C5288C0C}"
EndProject
Project("{FAE04EC0-301F-11D3-BF4B-00C04F79EFBC}") = "Unity.2D.PixelPerfect", "Unity.2D.PixelPerfect.csproj", "{EDB02493-A2A3-240E-C8E1-7C691781E4A9}"
EndProject
Project("{FAE04EC0-301F-11D3-BF4B-00C04F79EFBC}") = "Unity.2D.PixelPerfect.Editor", "Unity.2D.PixelPerfect.Editor.csproj", "{C6D978B5-358E-022B-F9F5-F5C972B1C5A4}"
EndProject
Project("{FAE04EC0-301F-11D3-BF4B-00C04F79EFBC}") = "Unity.2D.Common.Runtime", "Unity.2D.Common.Runtime.csproj", "{D7C748FF-5013-76A2-92E7-57B864AB3E73}"
EndProject
Project("{FAE04EC0-301F-11D3-BF4B-00C04F79EFBC}") = "Unity.InputSystem.ForUI", "Unity.InputSystem.ForUI.csproj", "{68218690-597F-D8FF-F71C-74139A111006}"
EndProject
Project("{FAE04EC0-301F-11D3-BF4B-00C04F79EFBC}") = "Assembly-CSharp-Editor", "Assembly-CSharp-Editor.csproj", "{EF896F97-3E74-6952-8CC7-3D852C98778E}"
EndProject
Project("{FAE04EC0-301F-11D3-BF4B-00C04F79EFBC}") = "Unity.Mathematics.Editor", "Unity.Mathematics.Editor.csproj", "{8E6A459D-06C8-CB0E-685C-29F899E7AC22}"
EndProject
Project("{FAE04EC0-301F-11D3-BF4B-00C04F79EFBC}") = "Unity.Collections.BurstCompatibilityGen", "Unity.Collections.BurstCompatibilityGen.csproj", "{72A66DE2-E2A8-C009-5D04-E7226FC6B174}"
EndProject
Project("{FAE04EC0-301F-11D3-BF4B-00C04F79EFBC}") = "Unity.VisualScripting.Shared.Editor", "Unity.VisualScripting.Shared.Editor.csproj", "{7FA1D3BB-974F-7F18-C498-2F6B2FAB3731}"
EndProject
Project("{FAE04EC0-301F-11D3-BF4B-00C04F79EFBC}") = "Unity.Collections.DocCodeSamples", "Unity.Collections.DocCodeSamples.csproj", "{A3C880F7-B12D-4AB8-D78F-03576B51BD84}"
EndProject
Project("{FAE04EC0-301F-11D3-BF4B-00C04F79EFBC}") = "Unity.Timeline", "Unity.Timeline.Player.csproj", "{6B244E86-894D-9CBD-4F02-855B06E7387B}"
EndProject
Project("{FAE04EC0-301F-11D3-BF4B-00C04F79EFBC}") = "Unity.InputSystem", "Unity.InputSystem.Player.csproj", "{B844C462-4520-C147-B318-C3FA8FDFDAA0}"
EndProject
Project("{FAE04EC0-301F-11D3-BF4B-00C04F79EFBC}") = "Unity.VisualScripting.Flow", "Unity.VisualScripting.Flow.Player.csproj", "{408A6D8B-1114-481E-91CC-03F4609F8322}"
EndProject
Project("{FAE04EC0-301F-11D3-BF4B-00C04F79EFBC}") = "Unity.VisualScripting.Core", "Unity.VisualScripting.Core.Player.csproj", "{FA9D392A-8D14-3FC3-A1D0-F4003F61CD19}"
EndProject
Project("{FAE04EC0-301F-11D3-BF4B-00C04F79EFBC}") = "Unity.Mathematics", "Unity.Mathematics.Player.csproj", "{CFFDA304-68D2-20EF-451D-4C19D6FE0C67}"
EndProject
Project("{FAE04EC0-301F-11D3-BF4B-00C04F79EFBC}") = "Cinemachine", "Cinemachine.Player.csproj", "{E266B22C-A8A0-3D9F-A133-5AD9A6608381}"
EndProject
Project("{FAE04EC0-301F-11D3-BF4B-00C04F79EFBC}") = "Unity.2D.IK.Runtime", "Unity.2D.IK.Runtime.Player.csproj", "{3E3C002A-4021-09A4-D4BC-FBCA71E29B31}"
EndProject
Project("{FAE04EC0-301F-11D3-BF4B-00C04F79EFBC}") = "UnityEngine.TestRunner", "UnityEngine.TestRunner.Player.csproj", "{F862A150-37A4-FC5E-35A3-F0DBB8B580EB}"
EndProject
Project("{FAE04EC0-301F-11D3-BF4B-00C04F79EFBC}") = "Assembly-CSharp", "Assembly-CSharp.Player.csproj", "{D0933969-70F6-56B0-51F3-54780C7F97C8}"
EndProject
Project("{FAE04EC0-301F-11D3-BF4B-00C04F79EFBC}") = "Unity.Burst", "Unity.Burst.Player.csproj", "{889D27B8-7BAB-A75E-CD16-8B6B77ED6340}"
EndProject
Project("{FAE04EC0-301F-11D3-BF4B-00C04F79EFBC}") = "UnityEngine.UI", "UnityEngine.UI.Player.csproj", "{69BCE587-E927-C648-C0E5-6103E108F94B}"
EndProject
Project("{FAE04EC0-301F-11D3-BF4B-00C04F79EFBC}") = "Unity.Collections", "Unity.Collections.Player.csproj", "{CFC6E11B-55E9-C7D2-5CF2-38E27D4C24E3}"
EndProject
Project("{FAE04EC0-301F-11D3-BF4B-00C04F79EFBC}") = "Unity.2D.SpriteShape.Runtime", "Unity.2D.SpriteShape.Runtime.Player.csproj", "{F1355297-9721-D84C-3E06-14A16600E01F}"
EndProject
Project("{FAE04EC0-301F-11D3-BF4B-00C04F79EFBC}") = "Unity.2D.Animation.Runtime", "Unity.2D.Animation.Runtime.Player.csproj", "{DE66FB79-D942-7334-9D59-45BFBA8F1E13}"
EndProject
Project("{FAE04EC0-301F-11D3-BF4B-00C04F79EFBC}") = "Unity.2D.Tilemap.Extras", "Unity.2D.Tilemap.Extras.Player.csproj", "{E06CDE42-CEA0-D4AD-D5E5-38BE857D2B1E}"
EndProject
Project("{FAE04EC0-301F-11D3-BF4B-00C04F79EFBC}") = "Unity.VisualScripting.State", "Unity.VisualScripting.State.Player.csproj", "{49DCC58D-2F7F-A1FF-461A-E99B6391C54D}"
EndProject
Project("{FAE04EC0-301F-11D3-BF4B-00C04F79EFBC}") = "Unity.TextMeshPro", "Unity.TextMeshPro.Player.csproj", "{F2A0BE86-7C6F-5132-A78F-8F2CDEE5ED49}"
EndProject
Project("{FAE04EC0-301F-11D3-BF4B-00C04F79EFBC}") = "Unity.InputSystem.TestFramework", "Unity.InputSystem.TestFramework.Player.csproj", "{D59DB6C1-1CF0-A67C-A9D3-7059BEF9FDC0}"
EndProject
Project("{FAE04EC0-301F-11D3-BF4B-00C04F79EFBC}") = "Unity.InternalAPIEngineBridge.001", "Unity.InternalAPIEngineBridge.001.Player.csproj", "{09012D79-E1D1-60DA-0FE3-B8953775373E}"
EndProject
Project("{FAE04EC0-301F-11D3-BF4B-00C04F79EFBC}") = "Unity.2D.PixelPerfect", "Unity.2D.PixelPerfect.Player.csproj", "{DDC15E6F-BD9B-63FD-D9B6-78528BC8865C}"
EndProject
Project("{FAE04EC0-301F-11D3-BF4B-00C04F79EFBC}") = "Unity.2D.Common.Runtime", "Unity.2D.Common.Runtime.Player.csproj", "{ECC0A892-9C9B-A832-EE63-6081967D3AE2}"
EndProject
Project("{FAE04EC0-301F-11D3-BF4B-00C04F79EFBC}") = "Unity.InputSystem.ForUI", "Unity.InputSystem.ForUI.Player.csproj", "{965542A3-E44A-61D5-A0D9-9BD52908AE84}"
EndProject
Global
	GlobalSection(SolutionConfigurationPlatforms) = preSolution
		Debug|Any CPU = Debug|Any CPU
		Release|Any CPU = Release|Any CPU
	EndGlobalSection
	GlobalSection(ProjectConfigurationPlatforms) = postSolution
		{4BCBC83E-2715-7BA2-6A52-A1A1438932C2}.Debug|Any CPU.ActiveCfg = Debug|Any CPU
		{4BCBC83E-2715-7BA2-6A52-A1A1438932C2}.Debug|Any CPU.Build.0 = Debug|Any CPU
		{4BCBC83E-2715-7BA2-6A52-A1A1438932C2}.Release|Any CPU.ActiveCfg = Release|Any CPU
		{4BCBC83E-2715-7BA2-6A52-A1A1438932C2}.Release|Any CPU.Build.0 = Release|Any CPU
		{01D0B802-1C0B-334B-85BD-67F589426087}.Debug|Any CPU.ActiveCfg = Debug|Any CPU
		{01D0B802-1C0B-334B-85BD-67F589426087}.Debug|Any CPU.Build.0 = Debug|Any CPU
		{01D0B802-1C0B-334B-85BD-67F589426087}.Release|Any CPU.ActiveCfg = Release|Any CPU
		{01D0B802-1C0B-334B-85BD-67F589426087}.Release|Any CPU.Build.0 = Release|Any CPU
		{D3AB2964-CBCF-CB7E-C830-5C423C2A1E8F}.Debug|Any CPU.ActiveCfg = Debug|Any CPU
		{D3AB2964-CBCF-CB7E-C830-5C423C2A1E8F}.Debug|Any CPU.Build.0 = Debug|Any CPU
		{D3AB2964-CBCF-CB7E-C830-5C423C2A1E8F}.Release|Any CPU.ActiveCfg = Release|Any CPU
		{D3AB2964-CBCF-CB7E-C830-5C423C2A1E8F}.Release|Any CPU.Build.0 = Release|Any CPU
		{B6F0130C-C6D9-0ECB-31CF-4E509DEE7CFE}.Debug|Any CPU.ActiveCfg = Debug|Any CPU
		{B6F0130C-C6D9-0ECB-31CF-4E509DEE7CFE}.Debug|Any CPU.Build.0 = Debug|Any CPU
		{B6F0130C-C6D9-0ECB-31CF-4E509DEE7CFE}.Release|Any CPU.ActiveCfg = Release|Any CPU
		{B6F0130C-C6D9-0ECB-31CF-4E509DEE7CFE}.Release|Any CPU.Build.0 = Release|Any CPU
		{F8752DE5-7B82-53E3-A01E-6A686EFCDBB8}.Debug|Any CPU.ActiveCfg = Debug|Any CPU
		{F8752DE5-7B82-53E3-A01E-6A686EFCDBB8}.Debug|Any CPU.Build.0 = Debug|Any CPU
		{F8752DE5-7B82-53E3-A01E-6A686EFCDBB8}.Release|Any CPU.ActiveCfg = Release|Any CPU
		{F8752DE5-7B82-53E3-A01E-6A686EFCDBB8}.Release|Any CPU.Build.0 = Release|Any CPU
		{40C43B03-48F2-939C-179A-058C17400DB4}.Debug|Any CPU.ActiveCfg = Debug|Any CPU
		{40C43B03-48F2-939C-179A-058C17400DB4}.Debug|Any CPU.Build.0 = Debug|Any CPU
		{40C43B03-48F2-939C-179A-058C17400DB4}.Release|Any CPU.ActiveCfg = Release|Any CPU
		{40C43B03-48F2-939C-179A-058C17400DB4}.Release|Any CPU.Build.0 = Release|Any CPU
		{B2406882-95A5-99D7-17FD-24914FD4E896}.Debug|Any CPU.ActiveCfg = Debug|Any CPU
		{B2406882-95A5-99D7-17FD-24914FD4E896}.Debug|Any CPU.Build.0 = Debug|Any CPU
		{B2406882-95A5-99D7-17FD-24914FD4E896}.Release|Any CPU.ActiveCfg = Release|Any CPU
		{B2406882-95A5-99D7-17FD-24914FD4E896}.Release|Any CPU.Build.0 = Release|Any CPU
		{7C403892-5FCF-267B-9008-D76169ACE148}.Debug|Any CPU.ActiveCfg = Debug|Any CPU
		{7C403892-5FCF-267B-9008-D76169ACE148}.Debug|Any CPU.Build.0 = Debug|Any CPU
		{7C403892-5FCF-267B-9008-D76169ACE148}.Release|Any CPU.ActiveCfg = Release|Any CPU
		{7C403892-5FCF-267B-9008-D76169ACE148}.Release|Any CPU.Build.0 = Release|Any CPU
		{D0A55A15-F32A-E66B-3E68-663932302199}.Debug|Any CPU.ActiveCfg = Debug|Any CPU
		{D0A55A15-F32A-E66B-3E68-663932302199}.Debug|Any CPU.Build.0 = Debug|Any CPU
		{D0A55A15-F32A-E66B-3E68-663932302199}.Release|Any CPU.ActiveCfg = Release|Any CPU
		{D0A55A15-F32A-E66B-3E68-663932302199}.Release|Any CPU.Build.0 = Release|Any CPU
		{3C21D2C6-974E-B627-368A-60250F2B5D3A}.Debug|Any CPU.ActiveCfg = Debug|Any CPU
		{3C21D2C6-974E-B627-368A-60250F2B5D3A}.Debug|Any CPU.Build.0 = Debug|Any CPU
		{3C21D2C6-974E-B627-368A-60250F2B5D3A}.Release|Any CPU.ActiveCfg = Release|Any CPU
		{3C21D2C6-974E-B627-368A-60250F2B5D3A}.Release|Any CPU.Build.0 = Release|Any CPU
		{32B6552A-3CE2-D983-303D-EA675E24F5B1}.Debug|Any CPU.ActiveCfg = Debug|Any CPU
		{32B6552A-3CE2-D983-303D-EA675E24F5B1}.Debug|Any CPU.Build.0 = Debug|Any CPU
		{32B6552A-3CE2-D983-303D-EA675E24F5B1}.Release|Any CPU.ActiveCfg = Release|Any CPU
		{32B6552A-3CE2-D983-303D-EA675E24F5B1}.Release|Any CPU.Build.0 = Release|Any CPU
		{3BE14273-D70B-B27C-AD67-14B178AD5CD9}.Debug|Any CPU.ActiveCfg = Debug|Any CPU
		{3BE14273-D70B-B27C-AD67-14B178AD5CD9}.Debug|Any CPU.Build.0 = Debug|Any CPU
		{3BE14273-D70B-B27C-AD67-14B178AD5CD9}.Release|Any CPU.ActiveCfg = Release|Any CPU
		{3BE14273-D70B-B27C-AD67-14B178AD5CD9}.Release|Any CPU.Build.0 = Release|Any CPU
		{252F93C1-3DFF-3E73-F393-19C28991E2B9}.Debug|Any CPU.ActiveCfg = Debug|Any CPU
		{252F93C1-3DFF-3E73-F393-19C28991E2B9}.Debug|Any CPU.Build.0 = Debug|Any CPU
		{252F93C1-3DFF-3E73-F393-19C28991E2B9}.Release|Any CPU.ActiveCfg = Release|Any CPU
		{252F93C1-3DFF-3E73-F393-19C28991E2B9}.Release|Any CPU.Build.0 = Release|Any CPU
		{D34B402A-EDF3-A8EE-7AD5-D28AC7744A4E}.Debug|Any CPU.ActiveCfg = Debug|Any CPU
		{D34B402A-EDF3-A8EE-7AD5-D28AC7744A4E}.Debug|Any CPU.Build.0 = Debug|Any CPU
		{D34B402A-EDF3-A8EE-7AD5-D28AC7744A4E}.Release|Any CPU.ActiveCfg = Release|Any CPU
		{D34B402A-EDF3-A8EE-7AD5-D28AC7744A4E}.Release|Any CPU.Build.0 = Release|Any CPU
		{4BF6788A-A6F3-5081-8B58-8CA9E2E2E59D}.Debug|Any CPU.ActiveCfg = Debug|Any CPU
		{4BF6788A-A6F3-5081-8B58-8CA9E2E2E59D}.Debug|Any CPU.Build.0 = Debug|Any CPU
		{4BF6788A-A6F3-5081-8B58-8CA9E2E2E59D}.Release|Any CPU.ActiveCfg = Release|Any CPU
		{4BF6788A-A6F3-5081-8B58-8CA9E2E2E59D}.Release|Any CPU.Build.0 = Release|Any CPU
		{93BA5D0E-7A0B-2674-C860-CB4E7BFB1BE2}.Debug|Any CPU.ActiveCfg = Debug|Any CPU
		{93BA5D0E-7A0B-2674-C860-CB4E7BFB1BE2}.Debug|Any CPU.Build.0 = Debug|Any CPU
		{93BA5D0E-7A0B-2674-C860-CB4E7BFB1BE2}.Release|Any CPU.ActiveCfg = Release|Any CPU
		{93BA5D0E-7A0B-2674-C860-CB4E7BFB1BE2}.Release|Any CPU.Build.0 = Release|Any CPU
		{F1C7AE63-93ED-239E-4586-2190F4A606BA}.Debug|Any CPU.ActiveCfg = Debug|Any CPU
		{F1C7AE63-93ED-239E-4586-2190F4A606BA}.Debug|Any CPU.Build.0 = Debug|Any CPU
		{F1C7AE63-93ED-239E-4586-2190F4A606BA}.Release|Any CPU.ActiveCfg = Release|Any CPU
		{F1C7AE63-93ED-239E-4586-2190F4A606BA}.Release|Any CPU.Build.0 = Release|Any CPU
		{ED6BEA87-1D07-34AA-7DBC-910D5DE72369}.Debug|Any CPU.ActiveCfg = Debug|Any CPU
		{ED6BEA87-1D07-34AA-7DBC-910D5DE72369}.Debug|Any CPU.Build.0 = Debug|Any CPU
		{ED6BEA87-1D07-34AA-7DBC-910D5DE72369}.Release|Any CPU.ActiveCfg = Release|Any CPU
		{ED6BEA87-1D07-34AA-7DBC-910D5DE72369}.Release|Any CPU.Build.0 = Release|Any CPU
		{470E6C99-6693-C547-8061-7B44A2706343}.Debug|Any CPU.ActiveCfg = Debug|Any CPU
		{470E6C99-6693-C547-8061-7B44A2706343}.Debug|Any CPU.Build.0 = Debug|Any CPU
		{470E6C99-6693-C547-8061-7B44A2706343}.Release|Any CPU.ActiveCfg = Release|Any CPU
		{470E6C99-6693-C547-8061-7B44A2706343}.Release|Any CPU.Build.0 = Release|Any CPU
		{6A76C2D3-EFF6-8FFC-8EA1-157A3CBB3DC9}.Debug|Any CPU.ActiveCfg = Debug|Any CPU
		{6A76C2D3-EFF6-8FFC-8EA1-157A3CBB3DC9}.Debug|Any CPU.Build.0 = Debug|Any CPU
		{6A76C2D3-EFF6-8FFC-8EA1-157A3CBB3DC9}.Release|Any CPU.ActiveCfg = Release|Any CPU
		{6A76C2D3-EFF6-8FFC-8EA1-157A3CBB3DC9}.Release|Any CPU.Build.0 = Release|Any CPU
		{B125124D-2D42-0702-5AAE-37036AE6E18C}.Debug|Any CPU.ActiveCfg = Debug|Any CPU
		{B125124D-2D42-0702-5AAE-37036AE6E18C}.Debug|Any CPU.Build.0 = Debug|Any CPU
		{B125124D-2D42-0702-5AAE-37036AE6E18C}.Release|Any CPU.ActiveCfg = Release|Any CPU
		{B125124D-2D42-0702-5AAE-37036AE6E18C}.Release|Any CPU.Build.0 = Release|Any CPU
		{9015F5AC-DDFD-BBB5-8100-0663CC77BBFE}.Debug|Any CPU.ActiveCfg = Debug|Any CPU
		{9015F5AC-DDFD-BBB5-8100-0663CC77BBFE}.Debug|Any CPU.Build.0 = Debug|Any CPU
		{9015F5AC-DDFD-BBB5-8100-0663CC77BBFE}.Release|Any CPU.ActiveCfg = Release|Any CPU
		{9015F5AC-DDFD-BBB5-8100-0663CC77BBFE}.Release|Any CPU.Build.0 = Release|Any CPU
		{B8EDAA3E-4EEE-BED8-A8CD-8F4F790A5DCB}.Debug|Any CPU.ActiveCfg = Debug|Any CPU
		{B8EDAA3E-4EEE-BED8-A8CD-8F4F790A5DCB}.Debug|Any CPU.Build.0 = Debug|Any CPU
		{B8EDAA3E-4EEE-BED8-A8CD-8F4F790A5DCB}.Release|Any CPU.ActiveCfg = Release|Any CPU
		{B8EDAA3E-4EEE-BED8-A8CD-8F4F790A5DCB}.Release|Any CPU.Build.0 = Release|Any CPU
		{9A108745-61DE-CBB3-C8F5-3CA4C16F1EDB}.Debug|Any CPU.ActiveCfg = Debug|Any CPU
		{9A108745-61DE-CBB3-C8F5-3CA4C16F1EDB}.Debug|Any CPU.Build.0 = Debug|Any CPU
		{9A108745-61DE-CBB3-C8F5-3CA4C16F1EDB}.Release|Any CPU.ActiveCfg = Release|Any CPU
		{9A108745-61DE-CBB3-C8F5-3CA4C16F1EDB}.Release|Any CPU.Build.0 = Release|Any CPU
		{1CAA1134-6239-7471-A7D8-080C2601E01B}.Debug|Any CPU.ActiveCfg = Debug|Any CPU
		{1CAA1134-6239-7471-A7D8-080C2601E01B}.Debug|Any CPU.Build.0 = Debug|Any CPU
		{1CAA1134-6239-7471-A7D8-080C2601E01B}.Release|Any CPU.ActiveCfg = Release|Any CPU
		{1CAA1134-6239-7471-A7D8-080C2601E01B}.Release|Any CPU.Build.0 = Release|Any CPU
		{2154E701-69B3-8CEB-00AA-4F21D27C8E6D}.Debug|Any CPU.ActiveCfg = Debug|Any CPU
		{2154E701-69B3-8CEB-00AA-4F21D27C8E6D}.Debug|Any CPU.Build.0 = Debug|Any CPU
		{2154E701-69B3-8CEB-00AA-4F21D27C8E6D}.Release|Any CPU.ActiveCfg = Release|Any CPU
		{2154E701-69B3-8CEB-00AA-4F21D27C8E6D}.Release|Any CPU.Build.0 = Release|Any CPU
		{0A75D8A2-323A-5E62-89D5-A308E4C1CA66}.Debug|Any CPU.ActiveCfg = Debug|Any CPU
		{0A75D8A2-323A-5E62-89D5-A308E4C1CA66}.Debug|Any CPU.Build.0 = Debug|Any CPU
		{0A75D8A2-323A-5E62-89D5-A308E4C1CA66}.Release|Any CPU.ActiveCfg = Release|Any CPU
		{0A75D8A2-323A-5E62-89D5-A308E4C1CA66}.Release|Any CPU.Build.0 = Release|Any CPU
		{E51C3888-E926-CEE2-4315-143972434896}.Debug|Any CPU.ActiveCfg = Debug|Any CPU
		{E51C3888-E926-CEE2-4315-143972434896}.Debug|Any CPU.Build.0 = Debug|Any CPU
		{E51C3888-E926-CEE2-4315-143972434896}.Release|Any CPU.ActiveCfg = Release|Any CPU
		{E51C3888-E926-CEE2-4315-143972434896}.Release|Any CPU.Build.0 = Release|Any CPU
		{C99AF05C-FC16-532E-3F73-BC1FF1ED0659}.Debug|Any CPU.ActiveCfg = Debug|Any CPU
		{C99AF05C-FC16-532E-3F73-BC1FF1ED0659}.Debug|Any CPU.Build.0 = Debug|Any CPU
		{C99AF05C-FC16-532E-3F73-BC1FF1ED0659}.Release|Any CPU.ActiveCfg = Release|Any CPU
		{C99AF05C-FC16-532E-3F73-BC1FF1ED0659}.Release|Any CPU.Build.0 = Release|Any CPU
		{C19B73C9-05FF-5A00-FCEA-852EC5088F70}.Debug|Any CPU.ActiveCfg = Debug|Any CPU
		{C19B73C9-05FF-5A00-FCEA-852EC5088F70}.Debug|Any CPU.Build.0 = Debug|Any CPU
		{C19B73C9-05FF-5A00-FCEA-852EC5088F70}.Release|Any CPU.ActiveCfg = Release|Any CPU
		{C19B73C9-05FF-5A00-FCEA-852EC5088F70}.Release|Any CPU.Build.0 = Release|Any CPU
		{7FB38829-194E-CEB2-B326-3ACFAFAC2CE8}.Debug|Any CPU.ActiveCfg = Debug|Any CPU
		{7FB38829-194E-CEB2-B326-3ACFAFAC2CE8}.Debug|Any CPU.Build.0 = Debug|Any CPU
		{7FB38829-194E-CEB2-B326-3ACFAFAC2CE8}.Release|Any CPU.ActiveCfg = Release|Any CPU
		{7FB38829-194E-CEB2-B326-3ACFAFAC2CE8}.Release|Any CPU.Build.0 = Release|Any CPU
		{C6DED303-DA76-3551-76E7-40794FD11D88}.Debug|Any CPU.ActiveCfg = Debug|Any CPU
		{C6DED303-DA76-3551-76E7-40794FD11D88}.Debug|Any CPU.Build.0 = Debug|Any CPU
		{C6DED303-DA76-3551-76E7-40794FD11D88}.Release|Any CPU.ActiveCfg = Release|Any CPU
		{C6DED303-DA76-3551-76E7-40794FD11D88}.Release|Any CPU.Build.0 = Release|Any CPU
		{9D6B3B29-51FC-8BDA-3E7B-19689A670183}.Debug|Any CPU.ActiveCfg = Debug|Any CPU
		{9D6B3B29-51FC-8BDA-3E7B-19689A670183}.Debug|Any CPU.Build.0 = Debug|Any CPU
		{9D6B3B29-51FC-8BDA-3E7B-19689A670183}.Release|Any CPU.ActiveCfg = Release|Any CPU
		{9D6B3B29-51FC-8BDA-3E7B-19689A670183}.Release|Any CPU.Build.0 = Release|Any CPU
		{703A3D26-04F3-DD8B-50BC-8C71FBAA58F0}.Debug|Any CPU.ActiveCfg = Debug|Any CPU
		{703A3D26-04F3-DD8B-50BC-8C71FBAA58F0}.Debug|Any CPU.Build.0 = Debug|Any CPU
		{703A3D26-04F3-DD8B-50BC-8C71FBAA58F0}.Release|Any CPU.ActiveCfg = Release|Any CPU
		{703A3D26-04F3-DD8B-50BC-8C71FBAA58F0}.Release|Any CPU.Build.0 = Release|Any CPU
		{DC8B03EC-C7F5-145C-83C0-0A3636369CE2}.Debug|Any CPU.ActiveCfg = Debug|Any CPU
		{DC8B03EC-C7F5-145C-83C0-0A3636369CE2}.Debug|Any CPU.Build.0 = Debug|Any CPU
		{DC8B03EC-C7F5-145C-83C0-0A3636369CE2}.Release|Any CPU.ActiveCfg = Release|Any CPU
		{DC8B03EC-C7F5-145C-83C0-0A3636369CE2}.Release|Any CPU.Build.0 = Release|Any CPU
		{00E1BB0C-143E-AB75-A82E-4CA49BB8DD92}.Debug|Any CPU.ActiveCfg = Debug|Any CPU
		{00E1BB0C-143E-AB75-A82E-4CA49BB8DD92}.Debug|Any CPU.Build.0 = Debug|Any CPU
		{00E1BB0C-143E-AB75-A82E-4CA49BB8DD92}.Release|Any CPU.ActiveCfg = Release|Any CPU
		{00E1BB0C-143E-AB75-A82E-4CA49BB8DD92}.Release|Any CPU.Build.0 = Release|Any CPU
		{6B8C72D0-8D68-3673-0336-6DEA7D2BB783}.Debug|Any CPU.ActiveCfg = Debug|Any CPU
		{6B8C72D0-8D68-3673-0336-6DEA7D2BB783}.Debug|Any CPU.Build.0 = Debug|Any CPU
		{6B8C72D0-8D68-3673-0336-6DEA7D2BB783}.Release|Any CPU.ActiveCfg = Release|Any CPU
		{6B8C72D0-8D68-3673-0336-6DEA7D2BB783}.Release|Any CPU.Build.0 = Release|Any CPU
		{799FF53C-DC53-2571-C76B-A37E5F31DCB1}.Debug|Any CPU.ActiveCfg = Debug|Any CPU
		{799FF53C-DC53-2571-C76B-A37E5F31DCB1}.Debug|Any CPU.Build.0 = Debug|Any CPU
		{799FF53C-DC53-2571-C76B-A37E5F31DCB1}.Release|Any CPU.ActiveCfg = Release|Any CPU
		{799FF53C-DC53-2571-C76B-A37E5F31DCB1}.Release|Any CPU.Build.0 = Release|Any CPU
		{E3812279-6FBD-039B-D685-05404AADD756}.Debug|Any CPU.ActiveCfg = Debug|Any CPU
		{E3812279-6FBD-039B-D685-05404AADD756}.Debug|Any CPU.Build.0 = Debug|Any CPU
		{E3812279-6FBD-039B-D685-05404AADD756}.Release|Any CPU.ActiveCfg = Release|Any CPU
		{E3812279-6FBD-039B-D685-05404AADD756}.Release|Any CPU.Build.0 = Release|Any CPU
		{27141E87-F1FB-A63D-035E-BF989E88C2D1}.Debug|Any CPU.ActiveCfg = Debug|Any CPU
		{27141E87-F1FB-A63D-035E-BF989E88C2D1}.Debug|Any CPU.Build.0 = Debug|Any CPU
		{27141E87-F1FB-A63D-035E-BF989E88C2D1}.Release|Any CPU.ActiveCfg = Release|Any CPU
		{27141E87-F1FB-A63D-035E-BF989E88C2D1}.Release|Any CPU.Build.0 = Release|Any CPU
		{DBD06DA3-F17C-E95C-E612-F1C2BF55E313}.Debug|Any CPU.ActiveCfg = Debug|Any CPU
		{DBD06DA3-F17C-E95C-E612-F1C2BF55E313}.Debug|Any CPU.Build.0 = Debug|Any CPU
		{DBD06DA3-F17C-E95C-E612-F1C2BF55E313}.Release|Any CPU.ActiveCfg = Release|Any CPU
		{DBD06DA3-F17C-E95C-E612-F1C2BF55E313}.Release|Any CPU.Build.0 = Release|Any CPU
		{95134AB4-2F96-A696-F1CD-C2A22BF60706}.Debug|Any CPU.ActiveCfg = Debug|Any CPU
		{95134AB4-2F96-A696-F1CD-C2A22BF60706}.Debug|Any CPU.Build.0 = Debug|Any CPU
		{95134AB4-2F96-A696-F1CD-C2A22BF60706}.Release|Any CPU.ActiveCfg = Release|Any CPU
		{95134AB4-2F96-A696-F1CD-C2A22BF60706}.Release|Any CPU.Build.0 = Release|Any CPU
		{0B4D01FB-6C18-0814-C995-417321700693}.Debug|Any CPU.ActiveCfg = Debug|Any CPU
		{0B4D01FB-6C18-0814-C995-417321700693}.Debug|Any CPU.Build.0 = Debug|Any CPU
		{0B4D01FB-6C18-0814-C995-417321700693}.Release|Any CPU.ActiveCfg = Release|Any CPU
		{0B4D01FB-6C18-0814-C995-417321700693}.Release|Any CPU.Build.0 = Release|Any CPU
		{E8ACCA14-826A-BA34-2468-14B61870508A}.Debug|Any CPU.ActiveCfg = Debug|Any CPU
		{E8ACCA14-826A-BA34-2468-14B61870508A}.Debug|Any CPU.Build.0 = Debug|Any CPU
		{E8ACCA14-826A-BA34-2468-14B61870508A}.Release|Any CPU.ActiveCfg = Release|Any CPU
		{E8ACCA14-826A-BA34-2468-14B61870508A}.Release|Any CPU.Build.0 = Release|Any CPU
		{FD31C41D-7E77-F1FE-CC8C-CC1A7F8447C9}.Debug|Any CPU.ActiveCfg = Debug|Any CPU
		{FD31C41D-7E77-F1FE-CC8C-CC1A7F8447C9}.Debug|Any CPU.Build.0 = Debug|Any CPU
		{FD31C41D-7E77-F1FE-CC8C-CC1A7F8447C9}.Release|Any CPU.ActiveCfg = Release|Any CPU
		{FD31C41D-7E77-F1FE-CC8C-CC1A7F8447C9}.Release|Any CPU.Build.0 = Release|Any CPU
		{5E85AB4D-F2E8-58D9-194C-5E952224753F}.Debug|Any CPU.ActiveCfg = Debug|Any CPU
		{5E85AB4D-F2E8-58D9-194C-5E952224753F}.Debug|Any CPU.Build.0 = Debug|Any CPU
		{5E85AB4D-F2E8-58D9-194C-5E952224753F}.Release|Any CPU.ActiveCfg = Release|Any CPU
		{5E85AB4D-F2E8-58D9-194C-5E952224753F}.Release|Any CPU.Build.0 = Release|Any CPU
		{0B61A81E-8CA2-96A3-DCA2-A603C5288C0C}.Debug|Any CPU.ActiveCfg = Debug|Any CPU
		{0B61A81E-8CA2-96A3-DCA2-A603C5288C0C}.Debug|Any CPU.Build.0 = Debug|Any CPU
		{0B61A81E-8CA2-96A3-DCA2-A603C5288C0C}.Release|Any CPU.ActiveCfg = Release|Any CPU
		{0B61A81E-8CA2-96A3-DCA2-A603C5288C0C}.Release|Any CPU.Build.0 = Release|Any CPU
		{EDB02493-A2A3-240E-C8E1-7C691781E4A9}.Debug|Any CPU.ActiveCfg = Debug|Any CPU
		{EDB02493-A2A3-240E-C8E1-7C691781E4A9}.Debug|Any CPU.Build.0 = Debug|Any CPU
		{EDB02493-A2A3-240E-C8E1-7C691781E4A9}.Release|Any CPU.ActiveCfg = Release|Any CPU
		{EDB02493-A2A3-240E-C8E1-7C691781E4A9}.Release|Any CPU.Build.0 = Release|Any CPU
		{C6D978B5-358E-022B-F9F5-F5C972B1C5A4}.Debug|Any CPU.ActiveCfg = Debug|Any CPU
		{C6D978B5-358E-022B-F9F5-F5C972B1C5A4}.Debug|Any CPU.Build.0 = Debug|Any CPU
		{C6D978B5-358E-022B-F9F5-F5C972B1C5A4}.Release|Any CPU.ActiveCfg = Release|Any CPU
		{C6D978B5-358E-022B-F9F5-F5C972B1C5A4}.Release|Any CPU.Build.0 = Release|Any CPU
		{D7C748FF-5013-76A2-92E7-57B864AB3E73}.Debug|Any CPU.ActiveCfg = Debug|Any CPU
		{D7C748FF-5013-76A2-92E7-57B864AB3E73}.Debug|Any CPU.Build.0 = Debug|Any CPU
		{D7C748FF-5013-76A2-92E7-57B864AB3E73}.Release|Any CPU.ActiveCfg = Release|Any CPU
		{D7C748FF-5013-76A2-92E7-57B864AB3E73}.Release|Any CPU.Build.0 = Release|Any CPU
		{68218690-597F-D8FF-F71C-74139A111006}.Debug|Any CPU.ActiveCfg = Debug|Any CPU
		{68218690-597F-D8FF-F71C-74139A111006}.Debug|Any CPU.Build.0 = Debug|Any CPU
		{68218690-597F-D8FF-F71C-74139A111006}.Release|Any CPU.ActiveCfg = Release|Any CPU
		{68218690-597F-D8FF-F71C-74139A111006}.Release|Any CPU.Build.0 = Release|Any CPU
		{EF896F97-3E74-6952-8CC7-3D852C98778E}.Debug|Any CPU.ActiveCfg = Debug|Any CPU
		{EF896F97-3E74-6952-8CC7-3D852C98778E}.Debug|Any CPU.Build.0 = Debug|Any CPU
		{EF896F97-3E74-6952-8CC7-3D852C98778E}.Release|Any CPU.ActiveCfg = Release|Any CPU
		{EF896F97-3E74-6952-8CC7-3D852C98778E}.Release|Any CPU.Build.0 = Release|Any CPU
		{8E6A459D-06C8-CB0E-685C-29F899E7AC22}.Debug|Any CPU.ActiveCfg = Debug|Any CPU
		{8E6A459D-06C8-CB0E-685C-29F899E7AC22}.Debug|Any CPU.Build.0 = Debug|Any CPU
		{8E6A459D-06C8-CB0E-685C-29F899E7AC22}.Release|Any CPU.ActiveCfg = Release|Any CPU
		{8E6A459D-06C8-CB0E-685C-29F899E7AC22}.Release|Any CPU.Build.0 = Release|Any CPU
		{72A66DE2-E2A8-C009-5D04-E7226FC6B174}.Debug|Any CPU.ActiveCfg = Debug|Any CPU
		{72A66DE2-E2A8-C009-5D04-E7226FC6B174}.Debug|Any CPU.Build.0 = Debug|Any CPU
		{72A66DE2-E2A8-C009-5D04-E7226FC6B174}.Release|Any CPU.ActiveCfg = Release|Any CPU
		{72A66DE2-E2A8-C009-5D04-E7226FC6B174}.Release|Any CPU.Build.0 = Release|Any CPU
		{7FA1D3BB-974F-7F18-C498-2F6B2FAB3731}.Debug|Any CPU.ActiveCfg = Debug|Any CPU
		{7FA1D3BB-974F-7F18-C498-2F6B2FAB3731}.Debug|Any CPU.Build.0 = Debug|Any CPU
		{7FA1D3BB-974F-7F18-C498-2F6B2FAB3731}.Release|Any CPU.ActiveCfg = Release|Any CPU
		{7FA1D3BB-974F-7F18-C498-2F6B2FAB3731}.Release|Any CPU.Build.0 = Release|Any CPU
		{A3C880F7-B12D-4AB8-D78F-03576B51BD84}.Debug|Any CPU.ActiveCfg = Debug|Any CPU
		{A3C880F7-B12D-4AB8-D78F-03576B51BD84}.Debug|Any CPU.Build.0 = Debug|Any CPU
		{A3C880F7-B12D-4AB8-D78F-03576B51BD84}.Release|Any CPU.ActiveCfg = Release|Any CPU
		{A3C880F7-B12D-4AB8-D78F-03576B51BD84}.Release|Any CPU.Build.0 = Release|Any CPU
		{6B244E86-894D-9CBD-4F02-855B06E7387B}.Debug|Any CPU.ActiveCfg = Debug|Any CPU
		{6B244E86-894D-9CBD-4F02-855B06E7387B}.Debug|Any CPU.Build.0 = Debug|Any CPU
		{6B244E86-894D-9CBD-4F02-855B06E7387B}.Release|Any CPU.ActiveCfg = Release|Any CPU
		{6B244E86-894D-9CBD-4F02-855B06E7387B}.Release|Any CPU.Build.0 = Release|Any CPU
		{B844C462-4520-C147-B318-C3FA8FDFDAA0}.Debug|Any CPU.ActiveCfg = Debug|Any CPU
		{B844C462-4520-C147-B318-C3FA8FDFDAA0}.Debug|Any CPU.Build.0 = Debug|Any CPU
		{B844C462-4520-C147-B318-C3FA8FDFDAA0}.Release|Any CPU.ActiveCfg = Release|Any CPU
		{B844C462-4520-C147-B318-C3FA8FDFDAA0}.Release|Any CPU.Build.0 = Release|Any CPU
		{408A6D8B-1114-481E-91CC-03F4609F8322}.Debug|Any CPU.ActiveCfg = Debug|Any CPU
		{408A6D8B-1114-481E-91CC-03F4609F8322}.Debug|Any CPU.Build.0 = Debug|Any CPU
		{408A6D8B-1114-481E-91CC-03F4609F8322}.Release|Any CPU.ActiveCfg = Release|Any CPU
		{408A6D8B-1114-481E-91CC-03F4609F8322}.Release|Any CPU.Build.0 = Release|Any CPU
		{FA9D392A-8D14-3FC3-A1D0-F4003F61CD19}.Debug|Any CPU.ActiveCfg = Debug|Any CPU
		{FA9D392A-8D14-3FC3-A1D0-F4003F61CD19}.Debug|Any CPU.Build.0 = Debug|Any CPU
		{FA9D392A-8D14-3FC3-A1D0-F4003F61CD19}.Release|Any CPU.ActiveCfg = Release|Any CPU
		{FA9D392A-8D14-3FC3-A1D0-F4003F61CD19}.Release|Any CPU.Build.0 = Release|Any CPU
		{CFFDA304-68D2-20EF-451D-4C19D6FE0C67}.Debug|Any CPU.ActiveCfg = Debug|Any CPU
		{CFFDA304-68D2-20EF-451D-4C19D6FE0C67}.Debug|Any CPU.Build.0 = Debug|Any CPU
		{CFFDA304-68D2-20EF-451D-4C19D6FE0C67}.Release|Any CPU.ActiveCfg = Release|Any CPU
		{CFFDA304-68D2-20EF-451D-4C19D6FE0C67}.Release|Any CPU.Build.0 = Release|Any CPU
		{E266B22C-A8A0-3D9F-A133-5AD9A6608381}.Debug|Any CPU.ActiveCfg = Debug|Any CPU
		{E266B22C-A8A0-3D9F-A133-5AD9A6608381}.Debug|Any CPU.Build.0 = Debug|Any CPU
		{E266B22C-A8A0-3D9F-A133-5AD9A6608381}.Release|Any CPU.ActiveCfg = Release|Any CPU
		{E266B22C-A8A0-3D9F-A133-5AD9A6608381}.Release|Any CPU.Build.0 = Release|Any CPU
		{3E3C002A-4021-09A4-D4BC-FBCA71E29B31}.Debug|Any CPU.ActiveCfg = Debug|Any CPU
		{3E3C002A-4021-09A4-D4BC-FBCA71E29B31}.Debug|Any CPU.Build.0 = Debug|Any CPU
		{3E3C002A-4021-09A4-D4BC-FBCA71E29B31}.Release|Any CPU.ActiveCfg = Release|Any CPU
		{3E3C002A-4021-09A4-D4BC-FBCA71E29B31}.Release|Any CPU.Build.0 = Release|Any CPU
		{F862A150-37A4-FC5E-35A3-F0DBB8B580EB}.Debug|Any CPU.ActiveCfg = Debug|Any CPU
		{F862A150-37A4-FC5E-35A3-F0DBB8B580EB}.Debug|Any CPU.Build.0 = Debug|Any CPU
		{F862A150-37A4-FC5E-35A3-F0DBB8B580EB}.Release|Any CPU.ActiveCfg = Release|Any CPU
		{F862A150-37A4-FC5E-35A3-F0DBB8B580EB}.Release|Any CPU.Build.0 = Release|Any CPU
		{D0933969-70F6-56B0-51F3-54780C7F97C8}.Debug|Any CPU.ActiveCfg = Debug|Any CPU
		{D0933969-70F6-56B0-51F3-54780C7F97C8}.Debug|Any CPU.Build.0 = Debug|Any CPU
		{D0933969-70F6-56B0-51F3-54780C7F97C8}.Release|Any CPU.ActiveCfg = Release|Any CPU
		{D0933969-70F6-56B0-51F3-54780C7F97C8}.Release|Any CPU.Build.0 = Release|Any CPU
		{889D27B8-7BAB-A75E-CD16-8B6B77ED6340}.Debug|Any CPU.ActiveCfg = Debug|Any CPU
		{889D27B8-7BAB-A75E-CD16-8B6B77ED6340}.Debug|Any CPU.Build.0 = Debug|Any CPU
		{889D27B8-7BAB-A75E-CD16-8B6B77ED6340}.Release|Any CPU.ActiveCfg = Release|Any CPU
		{889D27B8-7BAB-A75E-CD16-8B6B77ED6340}.Release|Any CPU.Build.0 = Release|Any CPU
		{69BCE587-E927-C648-C0E5-6103E108F94B}.Debug|Any CPU.ActiveCfg = Debug|Any CPU
		{69BCE587-E927-C648-C0E5-6103E108F94B}.Debug|Any CPU.Build.0 = Debug|Any CPU
		{69BCE587-E927-C648-C0E5-6103E108F94B}.Release|Any CPU.ActiveCfg = Release|Any CPU
		{69BCE587-E927-C648-C0E5-6103E108F94B}.Release|Any CPU.Build.0 = Release|Any CPU
		{CFC6E11B-55E9-C7D2-5CF2-38E27D4C24E3}.Debug|Any CPU.ActiveCfg = Debug|Any CPU
		{CFC6E11B-55E9-C7D2-5CF2-38E27D4C24E3}.Debug|Any CPU.Build.0 = Debug|Any CPU
		{CFC6E11B-55E9-C7D2-5CF2-38E27D4C24E3}.Release|Any CPU.ActiveCfg = Release|Any CPU
		{CFC6E11B-55E9-C7D2-5CF2-38E27D4C24E3}.Release|Any CPU.Build.0 = Release|Any CPU
		{F1355297-9721-D84C-3E06-14A16600E01F}.Debug|Any CPU.ActiveCfg = Debug|Any CPU
		{F1355297-9721-D84C-3E06-14A16600E01F}.Debug|Any CPU.Build.0 = Debug|Any CPU
		{F1355297-9721-D84C-3E06-14A16600E01F}.Release|Any CPU.ActiveCfg = Release|Any CPU
		{F1355297-9721-D84C-3E06-14A16600E01F}.Release|Any CPU.Build.0 = Release|Any CPU
		{DE66FB79-D942-7334-9D59-45BFBA8F1E13}.Debug|Any CPU.ActiveCfg = Debug|Any CPU
		{DE66FB79-D942-7334-9D59-45BFBA8F1E13}.Debug|Any CPU.Build.0 = Debug|Any CPU
		{DE66FB79-D942-7334-9D59-45BFBA8F1E13}.Release|Any CPU.ActiveCfg = Release|Any CPU
		{DE66FB79-D942-7334-9D59-45BFBA8F1E13}.Release|Any CPU.Build.0 = Release|Any CPU
		{E06CDE42-CEA0-D4AD-D5E5-38BE857D2B1E}.Debug|Any CPU.ActiveCfg = Debug|Any CPU
		{E06CDE42-CEA0-D4AD-D5E5-38BE857D2B1E}.Debug|Any CPU.Build.0 = Debug|Any CPU
		{E06CDE42-CEA0-D4AD-D5E5-38BE857D2B1E}.Release|Any CPU.ActiveCfg = Release|Any CPU
		{E06CDE42-CEA0-D4AD-D5E5-38BE857D2B1E}.Release|Any CPU.Build.0 = Release|Any CPU
		{49DCC58D-2F7F-A1FF-461A-E99B6391C54D}.Debug|Any CPU.ActiveCfg = Debug|Any CPU
		{49DCC58D-2F7F-A1FF-461A-E99B6391C54D}.Debug|Any CPU.Build.0 = Debug|Any CPU
		{49DCC58D-2F7F-A1FF-461A-E99B6391C54D}.Release|Any CPU.ActiveCfg = Release|Any CPU
		{49DCC58D-2F7F-A1FF-461A-E99B6391C54D}.Release|Any CPU.Build.0 = Release|Any CPU
		{F2A0BE86-7C6F-5132-A78F-8F2CDEE5ED49}.Debug|Any CPU.ActiveCfg = Debug|Any CPU
		{F2A0BE86-7C6F-5132-A78F-8F2CDEE5ED49}.Debug|Any CPU.Build.0 = Debug|Any CPU
		{F2A0BE86-7C6F-5132-A78F-8F2CDEE5ED49}.Release|Any CPU.ActiveCfg = Release|Any CPU
		{F2A0BE86-7C6F-5132-A78F-8F2CDEE5ED49}.Release|Any CPU.Build.0 = Release|Any CPU
		{D59DB6C1-1CF0-A67C-A9D3-7059BEF9FDC0}.Debug|Any CPU.ActiveCfg = Debug|Any CPU
		{D59DB6C1-1CF0-A67C-A9D3-7059BEF9FDC0}.Debug|Any CPU.Build.0 = Debug|Any CPU
		{D59DB6C1-1CF0-A67C-A9D3-7059BEF9FDC0}.Release|Any CPU.ActiveCfg = Release|Any CPU
		{D59DB6C1-1CF0-A67C-A9D3-7059BEF9FDC0}.Release|Any CPU.Build.0 = Release|Any CPU
		{09012D79-E1D1-60DA-0FE3-B8953775373E}.Debug|Any CPU.ActiveCfg = Debug|Any CPU
		{09012D79-E1D1-60DA-0FE3-B8953775373E}.Debug|Any CPU.Build.0 = Debug|Any CPU
		{09012D79-E1D1-60DA-0FE3-B8953775373E}.Release|Any CPU.ActiveCfg = Release|Any CPU
		{09012D79-E1D1-60DA-0FE3-B8953775373E}.Release|Any CPU.Build.0 = Release|Any CPU
		{DDC15E6F-BD9B-63FD-D9B6-78528BC8865C}.Debug|Any CPU.ActiveCfg = Debug|Any CPU
		{DDC15E6F-BD9B-63FD-D9B6-78528BC8865C}.Debug|Any CPU.Build.0 = Debug|Any CPU
		{DDC15E6F-BD9B-63FD-D9B6-78528BC8865C}.Release|Any CPU.ActiveCfg = Release|Any CPU
		{DDC15E6F-BD9B-63FD-D9B6-78528BC8865C}.Release|Any CPU.Build.0 = Release|Any CPU
		{ECC0A892-9C9B-A832-EE63-6081967D3AE2}.Debug|Any CPU.ActiveCfg = Debug|Any CPU
		{ECC0A892-9C9B-A832-EE63-6081967D3AE2}.Debug|Any CPU.Build.0 = Debug|Any CPU
		{ECC0A892-9C9B-A832-EE63-6081967D3AE2}.Release|Any CPU.ActiveCfg = Release|Any CPU
		{ECC0A892-9C9B-A832-EE63-6081967D3AE2}.Release|Any CPU.Build.0 = Release|Any CPU
		{965542A3-E44A-61D5-A0D9-9BD52908AE84}.Debug|Any CPU.ActiveCfg = Debug|Any CPU
		{965542A3-E44A-61D5-A0D9-9BD52908AE84}.Debug|Any CPU.Build.0 = Debug|Any CPU
		{965542A3-E44A-61D5-A0D9-9BD52908AE84}.Release|Any CPU.ActiveCfg = Release|Any CPU
		{965542A3-E44A-61D5-A0D9-9BD52908AE84}.Release|Any CPU.Build.0 = Release|Any CPU
	EndGlobalSection
	GlobalSection(SolutionProperties) = preSolution
		HideSolutionNode = FALSE
	EndGlobalSection
EndGlobal
